<?xml version="1.0" encoding="utf-8"?>
<Project ToolsVersion="4.0" xmlns="http://schemas.microsoft.com/developer/msbuild/2003">
  <ItemGroup>
    <Filter Include="Source Files">
      <UniqueIdentifier>{4FC737F1-C7A5-4376-A066-2A32D752A2FF}</UniqueIdentifier>
      <Extensions>cpp;c;cc;cxx;c++;cppm;ixx;def;odl;idl;hpj;bat;asm;asmx</Extensions>
    </Filter>
    <Filter Include="Resource Files">
      <UniqueIdentifier>{67DA6AB6-F800-4c08-8B7A-83BB121AAD01}</UniqueIdentifier>
      <Extensions>rc;ico;cur;bmp;dlg;rc2;rct;bin;rgs;gif;jpg;jpeg;jpe;resx;tiff;tif;png;wav;mfcribbon-ms</Extensions>
    </Filter>
    <Filter Include="Source Files\00.MainGame">
      <UniqueIdentifier>{318a324f-0aac-482d-af23-b34b585499d6}</UniqueIdentifier>
    </Filter>
    <Filter Include="Source Files\99.Headers">
      <UniqueIdentifier>{cbcb4fc9-b8fc-43cc-8c89-13cf0b71abed}</UniqueIdentifier>
    </Filter>
    <Filter Include="Source Files\01.Manager">
      <UniqueIdentifier>{4b2cf17d-a357-4b89-b09a-448b487b092e}</UniqueIdentifier>
    </Filter>
    <Filter Include="Source Files\99.Headers\Andromeda">
      <UniqueIdentifier>{39ca093d-ac10-4cfd-92fc-2ce29943dd61}</UniqueIdentifier>
    </Filter>
    <Filter Include="Source Files\02.Scene">
      <UniqueIdentifier>{debfebab-ab22-4fa5-93e5-579b28577ae1}</UniqueIdentifier>
    </Filter>
    <Filter Include="Source Files\02.Scene\Game">
      <UniqueIdentifier>{5898d017-ec7e-4be8-83c3-c133d4aa626a}</UniqueIdentifier>
    </Filter>
  </ItemGroup>
  <ItemGroup>
    <ClInclude Include="API_Practice.h">
      <Filter>Source Files\00.MainGame</Filter>
    </ClInclude>
    <ClInclude Include="pch.h">
      <Filter>Source Files\99.Headers</Filter>
    </ClInclude>
    <ClInclude Include="Defines.h">
      <Filter>Source Files\99.Headers</Filter>
    </ClInclude>
    <ClInclude Include="Enums.h">
      <Filter>Source Files\99.Headers</Filter>
    </ClInclude>
    <ClInclude Include="Types.h">
      <Filter>Source Files\99.Headers</Filter>
    </ClInclude>
    <ClInclude Include="framework.h">
      <Filter>Source Files\99.Headers\Andromeda</Filter>
    </ClInclude>
    <ClInclude Include="Resource.h">
      <Filter>Source Files\99.Headers\Andromeda</Filter>
    </ClInclude>
    <ClInclude Include="targetver.h">
      <Filter>Source Files\99.Headers\Andromeda</Filter>
    </ClInclude>
    <ClInclude Include="Game.h">
      <Filter>Source Files\00.MainGame</Filter>
    </ClInclude>
    <ClInclude Include="InputManager.h">
      <Filter>Source Files\01.Manager</Filter>
    </ClInclude>
    <ClInclude Include="TimeManager.h">
      <Filter>Source Files\01.Manager</Filter>
    </ClInclude>
    <ClInclude Include="SceneManager.h">
      <Filter>Source Files\01.Manager</Filter>
    </ClInclude>
    <ClInclude Include="Scene.h">
      <Filter>Source Files\02.Scene</Filter>
    </ClInclude>
    <ClInclude Include="Utils.h">
      <Filter>Source Files\99.Headers</Filter>
    </ClInclude>
    <ClInclude Include="DevScene.h">
      <Filter>Source Files\02.Scene\Game</Filter>
    </ClInclude>
    <ClInclude Include="GameScene.h">
      <Filter>Source Files\02.Scene\Game</Filter>
    </ClInclude>
  </ItemGroup>
  <ItemGroup>
    <ResourceCompile Include="API_Practice.rc">
      <Filter>Resource Files</Filter>
    </ResourceCompile>
  </ItemGroup>
  <ItemGroup>
    <Image Include="small.ico">
      <Filter>Resource Files</Filter>
    </Image>
    <Image Include="API_Practice.ico">
      <Filter>Resource Files</Filter>
    </Image>
  </ItemGroup>
  <ItemGroup>
    <ClCompile Include="API_Practice.cpp">
      <Filter>Source Files\00.MainGame</Filter>
    </ClCompile>
    <ClCompile Include="pch.cpp">
      <Filter>Source Files\99.Headers</Filter>
    </ClCompile>
    <ClCompile Include="Game.cpp">
      <Filter>Source Files\00.MainGame</Filter>
    </ClCompile>
    <ClCompile Include="InputManager.cpp">
      <Filter>Source Files\01.Manager</Filter>
    </ClCompile>
    <ClCompile Include="TimeManager.cpp">
      <Filter>Source Files\01.Manager</Filter>
    </ClCompile>
    <ClCompile Include="SceneManager.cpp">
      <Filter>Source Files\01.Manager</Filter>
    </ClCompile>
    <ClCompile Include="Scene.cpp">
      <Filter>Source Files\02.Scene</Filter>
    </ClCompile>
    <ClCompile Include="Utils.cpp">
      <Filter>Source Files\99.Headers</Filter>
    </ClCompile>
    <ClCompile Include="DevScene.cpp">
      <Filter>Source Files\02.Scene\Game</Filter>
    </ClCompile>
    <ClCompile Include="GameScene.cpp">
      <Filter>Source Files\02.Scene\Game</Filter>
    </ClCompile>
  </ItemGroup>
</Project>